{
    "_readme": [
        "This file locks the dependencies of your project to a known state",
        "Read more about it at https://getcomposer.org/doc/01-basic-usage.md#installing-dependencies",
        "This file is @generated automatically"
    ],
    "content-hash": "18d47e8fde51aa7a6a857ac24e6690e0",
    "packages": [
        {
            "name": "joetannenbaum/alfred-workflow",
            "version": "1.1.0",
            "source": {
                "type": "git",
                "url": "https://github.com/joetannenbaum/alfred-workflow.git",
                "reference": "7a517f90020e5bcf5248c62f6184332f7f1c1b7d"
            },
            "dist": {
                "type": "zip",
                "url": "https://api.github.com/repos/joetannenbaum/alfred-workflow/zipball/7a517f90020e5bcf5248c62f6184332f7f1c1b7d",
                "reference": "7a517f90020e5bcf5248c62f6184332f7f1c1b7d",
                "shasum": ""
            },
            "require": {
                "ext-json": "*",
                "php": "^7.4.0||^8.0"
            },
            "require-dev": {
                "laravel/pint": "^1.1",
                "pestphp/pest": "^1.21",
                "phpunit/phpunit": "^9.5"
            },
            "type": "library",
            "autoload": {
                "psr-4": {
                    "Alfred\\Workflows\\": "src/"
                }
            },
            "notification-url": "https://packagist.org/downloads/",
            "license": [
                "MIT"
            ],
            "authors": [
                {
                    "name": "Joe Tannenbaum",
                    "email": "joe@joe.codes"
                }
            ],
            "description": "PHP helper for creating Alfred Workflows.",
            "homepage": "https://joe.codes",
            "support": {
                "issues": "https://github.com/joetannenbaum/alfred-workflow/issues",
                "source": "https://github.com/joetannenbaum/alfred-workflow"
            },
            "time": "2022-10-10T17:56:33+00:00"
        },
        {
            "name": "loilo/fuse",
            "version": "7.0.1",
            "source": {
                "type": "git",
                "url": "https://github.com/loilo/Fuse.git",
                "reference": "3304788d2f30d677faea700e0e466006f1d70015"
            },
            "dist": {
                "type": "zip",
                "url": "https://api.github.com/repos/loilo/Fuse/zipball/3304788d2f30d677faea700e0e466006f1d70015",
                "reference": "3304788d2f30d677faea700e0e466006f1d70015",
                "shasum": ""
            },
            "require": {
                "php": "^7.4 || ^8.0"
            },
            "require-dev": {
                "dms/phpunit-arraysubset-asserts": "^0.3.0 || ^0.4.0 || ^0.5.0",
                "phpunit/phpunit": "^8.0 || ^9.0",
                "psalm/plugin-phpunit": "^0.16.1 || ^0.17.0 || ^0.18.0",
                "squizlabs/php_codesniffer": "^3.6",
                "vimeo/psalm": "^4.9 || ^5.0"
            },
            "type": "library",
            "autoload": {
                "files": [
                    "src/Core/computeScore.php",
                    "src/Core/config.php",
                    "src/Core/format.php",
                    "src/Core/parse.php",
                    "src/Helpers/get.php",
                    "src/Helpers/sort.php",
                    "src/Helpers/types.php",
                    "src/Search/Bitap/computeScore.php",
                    "src/Search/Bitap/convertMaskToIndices.php",
                    "src/Search/Bitap/createPatternAlphabet.php",
                    "src/Search/Bitap/search.php",
                    "src/Search/Extended/parseQuery.php",
                    "src/Transform/transformMatches.php",
                    "src/Transform/transformScore.php"
                ],
                "psr-4": {
                    "Fuse\\": "src/"
                }
            },
            "notification-url": "https://packagist.org/downloads/",
            "license": [
                "Apache-2.0"
            ],
            "authors": [
                {
                    "name": "Florian Reuschel",
                    "email": "florian@loilo.de"
                }
            ],
            "description": "Fuzzy search for PHP based on Bitap algorithm",
            "support": {
                "issues": "https://github.com/loilo/Fuse/issues",
                "source": "https://github.com/loilo/Fuse/tree/v7.0.1"
            },
            "time": "2023-11-27T17:21:41+00:00"
        }
    ],
    "packages-dev": [],
    "aliases": [],
    "minimum-stability": "stable",
    "stability-flags": [],
    "prefer-stable": true,
    "prefer-lowest": false,
    "platform": {
        "php": "^8.0"
    },
    "platform-dev": [],
    "plugin-api-version": "2.6.0"
}
